
Microsoft Visual Studio Solution File, Format Version 12.00
# Visual Studio 15
VisualStudioVersion = 15.0.28307.136
MinimumVisualStudioVersion = 10.0.40219.1
Project("{FAE04EC0-301F-11D3-BF4B-00C04F79EFBC}") = "Beers", "Beers\Beers.csproj", "{98107B68-0915-4577-B7D6-15549D26030F}"
EndProject
Global
	GlobalSection(SolutionConfigurationPlatforms) = preSolution
		Debug|Any CPU = Debug|Any CPU
		Release|Any CPU = Release|Any CPU
	EndGlobalSection
	GlobalSection(ProjectConfigurationPlatforms) = postSolution
		{98107B68-0915-4577-B7D6-15549D26030F}.Debug|Any CPU.ActiveCfg = Debug|Any CPU
		{98107B68-0915-4577-B7D6-15549D26030F}.Debug|Any CPU.Build.0 = Debug|Any CPU
		{98107B68-0915-4577-B7D6-15549D26030F}.Release|Any CPU.ActiveCfg = Release|Any CPU
		{98107B68-0915-4577-B7D6-15549D26030F}.Release|Any CPU.Build.0 = Release|Any CPU
	EndGlobalSection
	GlobalSection(SolutionProperties) = preSolution
		HideSolutionNode = FALSE
	EndGlobalSection
	GlobalSection(ExtensibilityGlobals) = postSolution
		SolutionGuid = {C6674CD3-E2C2-4BCD-B08E-70D7CF3BC96E}
	EndGlobalSection
EndGlobal
